
Microsoft Visual Studio Solution File, Format Version 12.00
# Visual Studio Version 16
VisualStudioVersion = 16.0.34407.143
MinimumVisualStudioVersion = 10.0.40219.1
Project("{FAE04EC0-301F-11D3-BF4B-00C04F79EFBC}") = "ConsoleAppAssignment", "ConsoleAppAssignment\ConsoleAppAssignment.csproj", "{F7F4A25C-07D2-4A8E-AC1F-DEE89C86D3D2}"
EndProject
Global
	GlobalSection(SolutionConfigurationPlatforms) = preSolution
		Debug|Any CPU = Debug|Any CPU
		Release|Any CPU = Release|Any CPU
	EndGlobalSection
	GlobalSection(ProjectConfigurationPlatforms) = postSolution
		{F7F4A25C-07D2-4A8E-AC1F-DEE89C86D3D2}.Debug|Any CPU.ActiveCfg = Debug|Any CPU
		{F7F4A25C-07D2-4A8E-AC1F-DEE89C86D3D2}.Debug|Any CPU.Build.0 = Debug|Any CPU
		{F7F4A25C-07D2-4A8E-AC1F-DEE89C86D3D2}.Release|Any CPU.ActiveCfg = Release|Any CPU
		{F7F4A25C-07D2-4A8E-AC1F-DEE89C86D3D2}.Release|Any CPU.Build.0 = Release|Any CPU
	EndGlobalSection
	GlobalSection(SolutionProperties) = preSolution
		HideSolutionNode = FALSE
	EndGlobalSection
	GlobalSection(ExtensibilityGlobals) = postSolution
		SolutionGuid = {A38C9489-98D1-480E-B636-A711EA5C2558}
	EndGlobalSection
EndGlobal
