
Microsoft Visual Studio Solution File, Format Version 12.00
# Visual Studio Version 16
VisualStudioVersion = 16.0.34407.143
MinimumVisualStudioVersion = 10.0.40219.1
Project("{FAE04EC0-301F-11D3-BF4B-00C04F79EFBC}") = "Parsing Enums Assignment", "Parsing Enums Assignment\Parsing Enums Assignment.csproj", "{FFCB2E81-3A43-4F89-81FA-66D12CDD00C9}"
EndProject
Global
	GlobalSection(SolutionConfigurationPlatforms) = preSolution
		Debug|Any CPU = Debug|Any CPU
		Release|Any CPU = Release|Any CPU
	EndGlobalSection
	GlobalSection(ProjectConfigurationPlatforms) = postSolution
		{FFCB2E81-3A43-4F89-81FA-66D12CDD00C9}.Debug|Any CPU.ActiveCfg = Debug|Any CPU
		{FFCB2E81-3A43-4F89-81FA-66D12CDD00C9}.Debug|Any CPU.Build.0 = Debug|Any CPU
		{FFCB2E81-3A43-4F89-81FA-66D12CDD00C9}.Release|Any CPU.ActiveCfg = Release|Any CPU
		{FFCB2E81-3A43-4F89-81FA-66D12CDD00C9}.Release|Any CPU.Build.0 = Release|Any CPU
	EndGlobalSection
	GlobalSection(SolutionProperties) = preSolution
		HideSolutionNode = FALSE
	EndGlobalSection
	GlobalSection(ExtensibilityGlobals) = postSolution
		SolutionGuid = {A12D4AB5-C390-4421-89CD-87A068D01C78}
	EndGlobalSection
EndGlobal
