
Microsoft Visual Studio Solution File, Format Version 12.00
# Visual Studio Version 16
VisualStudioVersion = 16.0.34407.143
MinimumVisualStudioVersion = 10.0.40219.1
Project("{FAE04EC0-301F-11D3-BF4B-00C04F79EFBC}") = "WhileAssignment", "WhileAssignment\WhileAssignment.csproj", "{F4F8244D-9421-443D-9B28-DA56B89A4686}"
EndProject
Global
	GlobalSection(SolutionConfigurationPlatforms) = preSolution
		Debug|Any CPU = Debug|Any CPU
		Release|Any CPU = Release|Any CPU
	EndGlobalSection
	GlobalSection(ProjectConfigurationPlatforms) = postSolution
		{F4F8244D-9421-443D-9B28-DA56B89A4686}.Debug|Any CPU.ActiveCfg = Debug|Any CPU
		{F4F8244D-9421-443D-9B28-DA56B89A4686}.Debug|Any CPU.Build.0 = Debug|Any CPU
		{F4F8244D-9421-443D-9B28-DA56B89A4686}.Release|Any CPU.ActiveCfg = Release|Any CPU
		{F4F8244D-9421-443D-9B28-DA56B89A4686}.Release|Any CPU.Build.0 = Release|Any CPU
	EndGlobalSection
	GlobalSection(SolutionProperties) = preSolution
		HideSolutionNode = FALSE
	EndGlobalSection
	GlobalSection(ExtensibilityGlobals) = postSolution
		SolutionGuid = {A17CCD00-E7FE-44D9-A08E-EAC0C34236FB}
	EndGlobalSection
EndGlobal
